// !$*UTF8*$!
{
	archiveVersion = 1;
	classes = {
	};
	objectVersion = 46;
	objects = {

/* Begin PBXBuildFile section */
		A20327431C6BAFBE00BD037E /* AppDelegate.swift in Sources */ = {isa = PBXBuildFile; fileRef = A20327311C6BAFBE00BD037E /* AppDelegate.swift */; };
		A20327441C6BAFBE00BD037E /* Assets.xcassets in Resources */ = {isa = PBXBuildFile; fileRef = A20327321C6BAFBE00BD037E /* Assets.xcassets */; };
		A20327451C6BAFBE00BD037E /* LaunchScreen.storyboard in Resources */ = {isa = PBXBuildFile; fileRef = A20327331C6BAFBE00BD037E /* LaunchScreen.storyboard */; };
		A20327461C6BAFBE00BD037E /* Main.storyboard in Resources */ = {isa = PBXBuildFile; fileRef = A20327351C6BAFBE00BD037E /* Main.storyboard */; };
		A20327481C6BAFBE00BD037E /* OpenScavenger.xcdatamodeld in Sources */ = {isa = PBXBuildFile; fileRef = A20327381C6BAFBE00BD037E /* OpenScavenger.xcdatamodeld */; };
		A20327491C6BAFBE00BD037E /* Point+CoreDataProperties.swift in Sources */ = {isa = PBXBuildFile; fileRef = A203273A1C6BAFBE00BD037E /* Point+CoreDataProperties.swift */; };
		A203274A1C6BAFBE00BD037E /* Point.swift in Sources */ = {isa = PBXBuildFile; fileRef = A203273B1C6BAFBE00BD037E /* Point.swift */; };
		A203274B1C6BAFBE00BD037E /* ViewController.swift in Sources */ = {isa = PBXBuildFile; fileRef = A203273C1C6BAFBE00BD037E /* ViewController.swift */; };
		A20401B61C764E670035E9AB /* OpenScavengerTests.swift in Sources */ = {isa = PBXBuildFile; fileRef = A203273F1C6BAFBE00BD037E /* OpenScavengerTests.swift */; };
		A20401B71C764E6F0035E9AB /* OpenScavengerUITests.swift in Sources */ = {isa = PBXBuildFile; fileRef = A20327421C6BAFBE00BD037E /* OpenScavengerUITests.swift */; };
		A2DF66B01C4ABDC000249FF2 /* MapKit.framework in Frameworks */ = {isa = PBXBuildFile; fileRef = A2DF66AF1C4ABDC000249FF2 /* MapKit.framework */; };
		A2DF66B21C4ABDDE00249FF2 /* CoreLocation.framework in Frameworks */ = {isa = PBXBuildFile; fileRef = A2DF66B11C4ABDDE00249FF2 /* CoreLocation.framework */; };
		A2DF66B51C4ABE3F00249FF2 /* Alamofire.framework in Frameworks */ = {isa = PBXBuildFile; fileRef = A2DF66B31C4ABE3F00249FF2 /* Alamofire.framework */; };
		A2DF66B61C4ABE3F00249FF2 /* Alamofire.framework in Embed Frameworks */ = {isa = PBXBuildFile; fileRef = A2DF66B31C4ABE3F00249FF2 /* Alamofire.framework */; settings = {ATTRIBUTES = (CodeSignOnCopy, RemoveHeadersOnCopy, ); }; };
		A2DF66B71C4ABE3F00249FF2 /* MagicalRecord.framework in Frameworks */ = {isa = PBXBuildFile; fileRef = A2DF66B41C4ABE3F00249FF2 /* MagicalRecord.framework */; };
		A2DF66B81C4ABE3F00249FF2 /* MagicalRecord.framework in Embed Frameworks */ = {isa = PBXBuildFile; fileRef = A2DF66B41C4ABE3F00249FF2 /* MagicalRecord.framework */; settings = {ATTRIBUTES = (CodeSignOnCopy, RemoveHeadersOnCopy, ); }; };
		A2EBE7A21C51F82B001FD585 /* SwiftyJSON.framework in Frameworks */ = {isa = PBXBuildFile; fileRef = A2EBE7A11C51F82B001FD585 /* SwiftyJSON.framework */; };
		A2EBE7A31C51F82B001FD585 /* SwiftyJSON.framework in Embed Frameworks */ = {isa = PBXBuildFile; fileRef = A2EBE7A11C51F82B001FD585 /* SwiftyJSON.framework */; settings = {ATTRIBUTES = (CodeSignOnCopy, RemoveHeadersOnCopy, ); }; };
/* End PBXBuildFile section */

/* Begin PBXContainerItemProxy section */
		A2DF66931C4ABD7900249FF2 /* PBXContainerItemProxy */ = {
			isa = PBXContainerItemProxy;
			containerPortal = A2DF66731C4ABD7800249FF2 /* Project object */;
			proxyType = 1;
			remoteGlobalIDString = A2DF667A1C4ABD7800249FF2;
			remoteInfo = OpenScavenger;
		};
		A2DF669E1C4ABD7900249FF2 /* PBXContainerItemProxy */ = {
			isa = PBXContainerItemProxy;
			containerPortal = A2DF66731C4ABD7800249FF2 /* Project object */;
			proxyType = 1;
			remoteGlobalIDString = A2DF667A1C4ABD7800249FF2;
			remoteInfo = OpenScavenger;
		};
/* End PBXContainerItemProxy section */

/* Begin PBXCopyFilesBuildPhase section */
		A2DF66B91C4ABE3F00249FF2 /* Embed Frameworks */ = {
			isa = PBXCopyFilesBuildPhase;
			buildActionMask = 2147483647;
			dstPath = "";
			dstSubfolderSpec = 10;
			files = (
				A2DF66B81C4ABE3F00249FF2 /* MagicalRecord.framework in Embed Frameworks */,
				A2DF66B61C4ABE3F00249FF2 /* Alamofire.framework in Embed Frameworks */,
				A2EBE7A31C51F82B001FD585 /* SwiftyJSON.framework in Embed Frameworks */,
			);
			name = "Embed Frameworks";
			runOnlyForDeploymentPostprocessing = 0;
		};
/* End PBXCopyFilesBuildPhase section */

/* Begin PBXFileReference section */
		A20327311C6BAFBE00BD037E /* AppDelegate.swift */ = {isa = PBXFileReference; fileEncoding = 4; lastKnownFileType = sourcecode.swift; path = AppDelegate.swift; sourceTree = "<group>"; };
		A20327321C6BAFBE00BD037E /* Assets.xcassets */ = {isa = PBXFileReference; lastKnownFileType = folder.assetcatalog; path = Assets.xcassets; sourceTree = "<group>"; };
		A20327341C6BAFBE00BD037E /* Base */ = {isa = PBXFileReference; lastKnownFileType = file.storyboard; name = Base; path = Base.lproj/LaunchScreen.storyboard; sourceTree = "<group>"; };
		A20327361C6BAFBE00BD037E /* Base */ = {isa = PBXFileReference; lastKnownFileType = file.storyboard; name = Base; path = Base.lproj/Main.storyboard; sourceTree = "<group>"; };
		A20327371C6BAFBE00BD037E /* Info.plist */ = {isa = PBXFileReference; fileEncoding = 4; lastKnownFileType = text.plist.xml; path = Info.plist; sourceTree = "<group>"; };
		A20327391C6BAFBE00BD037E /* OpenScavenger.xcdatamodel */ = {isa = PBXFileReference; lastKnownFileType = wrapper.xcdatamodel; path = OpenScavenger.xcdatamodel; sourceTree = "<group>"; };
		A203273A1C6BAFBE00BD037E /* Point+CoreDataProperties.swift */ = {isa = PBXFileReference; fileEncoding = 4; lastKnownFileType = sourcecode.swift; path = "Point+CoreDataProperties.swift"; sourceTree = "<group>"; };
		A203273B1C6BAFBE00BD037E /* Point.swift */ = {isa = PBXFileReference; fileEncoding = 4; lastKnownFileType = sourcecode.swift; path = Point.swift; sourceTree = "<group>"; };
		A203273C1C6BAFBE00BD037E /* ViewController.swift */ = {isa = PBXFileReference; fileEncoding = 4; lastKnownFileType = sourcecode.swift; path = ViewController.swift; sourceTree = "<group>"; };
		A203273E1C6BAFBE00BD037E /* Info.plist */ = {isa = PBXFileReference; fileEncoding = 4; lastKnownFileType = text.plist.xml; path = Info.plist; sourceTree = "<group>"; };
		A203273F1C6BAFBE00BD037E /* OpenScavengerTests.swift */ = {isa = PBXFileReference; fileEncoding = 4; lastKnownFileType = sourcecode.swift; path = OpenScavengerTests.swift; sourceTree = "<group>"; };
		A20327411C6BAFBE00BD037E /* Info.plist */ = {isa = PBXFileReference; fileEncoding = 4; lastKnownFileType = text.plist.xml; path = Info.plist; sourceTree = "<group>"; };
		A20327421C6BAFBE00BD037E /* OpenScavengerUITests.swift */ = {isa = PBXFileReference; fileEncoding = 4; lastKnownFileType = sourcecode.swift; path = OpenScavengerUITests.swift; sourceTree = "<group>"; };
		A2DF667B1C4ABD7800249FF2 /* OpenScavenger.app */ = {isa = PBXFileReference; explicitFileType = wrapper.application; includeInIndex = 0; path = OpenScavenger.app; sourceTree = BUILT_PRODUCTS_DIR; };
		A2DF66921C4ABD7900249FF2 /* OpenScavenger.xctest */ = {isa = PBXFileReference; explicitFileType = wrapper.cfbundle; includeInIndex = 0; path = OpenScavenger.xctest; sourceTree = BUILT_PRODUCTS_DIR; };
		A2DF669D1C4ABD7900249FF2 /* OpenScavenger.xctest */ = {isa = PBXFileReference; explicitFileType = wrapper.cfbundle; includeInIndex = 0; path = OpenScavenger.xctest; sourceTree = BUILT_PRODUCTS_DIR; };
		A2DF66AF1C4ABDC000249FF2 /* MapKit.framework */ = {isa = PBXFileReference; lastKnownFileType = wrapper.framework; name = MapKit.framework; path = System/Library/Frameworks/MapKit.framework; sourceTree = SDKROOT; };
		A2DF66B11C4ABDDE00249FF2 /* CoreLocation.framework */ = {isa = PBXFileReference; lastKnownFileType = wrapper.framework; name = CoreLocation.framework; path = System/Library/Frameworks/CoreLocation.framework; sourceTree = SDKROOT; };
		A2DF66B31C4ABE3F00249FF2 /* Alamofire.framework */ = {isa = PBXFileReference; lastKnownFileType = wrapper.framework; name = Alamofire.framework; path = Carthage/Build/iOS/Alamofire.framework; sourceTree = "<group>"; };
		A2DF66B41C4ABE3F00249FF2 /* MagicalRecord.framework */ = {isa = PBXFileReference; lastKnownFileType = wrapper.framework; name = MagicalRecord.framework; path = Carthage/Build/iOS/MagicalRecord.framework; sourceTree = "<group>"; };
		A2EBE7A11C51F82B001FD585 /* SwiftyJSON.framework */ = {isa = PBXFileReference; lastKnownFileType = wrapper.framework; name = SwiftyJSON.framework; path = Carthage/Build/iOS/SwiftyJSON.framework; sourceTree = "<group>"; };
/* End PBXFileReference section */

/* Begin PBXFrameworksBuildPhase section */
		A2DF66781C4ABD7800249FF2 /* Frameworks */ = {
			isa = PBXFrameworksBuildPhase;
			buildActionMask = 2147483647;
			files = (
				A2DF66B71C4ABE3F00249FF2 /* MagicalRecord.framework in Frameworks */,
				A2DF66B21C4ABDDE00249FF2 /* CoreLocation.framework in Frameworks */,
				A2DF66B51C4ABE3F00249FF2 /* Alamofire.framework in Frameworks */,
				A2DF66B01C4ABDC000249FF2 /* MapKit.framework in Frameworks */,
				A2EBE7A21C51F82B001FD585 /* SwiftyJSON.framework in Frameworks */,
			);
			runOnlyForDeploymentPostprocessing = 0;
		};
		A2DF668F1C4ABD7900249FF2 /* Frameworks */ = {
			isa = PBXFrameworksBuildPhase;
			buildActionMask = 2147483647;
			files = (
			);
			runOnlyForDeploymentPostprocessing = 0;
		};
		A2DF669A1C4ABD7900249FF2 /* Frameworks */ = {
			isa = PBXFrameworksBuildPhase;
			buildActionMask = 2147483647;
			files = (
			);
			runOnlyForDeploymentPostprocessing = 0;
		};
/* End PBXFrameworksBuildPhase section */

/* Begin PBXGroup section */
		A20327301C6BAFBE00BD037E /* OpenScavenger */ = {
			isa = PBXGroup;
			children = (
				A20327321C6BAFBE00BD037E /* Assets.xcassets */,
				A20327331C6BAFBE00BD037E /* LaunchScreen.storyboard */,
				A20327351C6BAFBE00BD037E /* Main.storyboard */,
				A20327371C6BAFBE00BD037E /* Info.plist */,
				A20327381C6BAFBE00BD037E /* OpenScavenger.xcdatamodeld */,
				A20327311C6BAFBE00BD037E /* AppDelegate.swift */,
				A203273A1C6BAFBE00BD037E /* Point+CoreDataProperties.swift */,
				A203273B1C6BAFBE00BD037E /* Point.swift */,
				A203273C1C6BAFBE00BD037E /* ViewController.swift */,
			);
			path = OpenScavenger;
			sourceTree = "<group>";
		};
		A203273D1C6BAFBE00BD037E /* OpenScavengerTests */ = {
			isa = PBXGroup;
			children = (
				A203273E1C6BAFBE00BD037E /* Info.plist */,
				A203273F1C6BAFBE00BD037E /* OpenScavengerTests.swift */,
			);
			path = OpenScavengerTests;
			sourceTree = "<group>";
		};
		A20327401C6BAFBE00BD037E /* OpenScavengerUITests */ = {
			isa = PBXGroup;
			children = (
				A20327411C6BAFBE00BD037E /* Info.plist */,
				A20327421C6BAFBE00BD037E /* OpenScavengerUITests.swift */,
			);
			path = OpenScavengerUITests;
			sourceTree = "<group>";
		};
		A2DF66721C4ABD7800249FF2 = {
			isa = PBXGroup;
			children = (
				A2EBE7A11C51F82B001FD585 /* SwiftyJSON.framework */,
				A2DF66B31C4ABE3F00249FF2 /* Alamofire.framework */,
				A2DF66B41C4ABE3F00249FF2 /* MagicalRecord.framework */,
				A2DF66B11C4ABDDE00249FF2 /* CoreLocation.framework */,
				A2DF66AF1C4ABDC000249FF2 /* MapKit.framework */,
				A20327301C6BAFBE00BD037E /* OpenScavenger */,
				A203273D1C6BAFBE00BD037E /* OpenScavengerTests */,
				A20327401C6BAFBE00BD037E /* OpenScavengerUITests */,
				A2DF667C1C4ABD7800249FF2 /* Products */,
			);
			sourceTree = "<group>";
		};
		A2DF667C1C4ABD7800249FF2 /* Products */ = {
			isa = PBXGroup;
			children = (
				A2DF667B1C4ABD7800249FF2 /* OpenScavenger.app */,
				A2DF66921C4ABD7900249FF2 /* OpenScavenger.xctest */,
				A2DF669D1C4ABD7900249FF2 /* OpenScavenger.xctest */,
			);
			name = Products;
			sourceTree = "<group>";
		};
/* End PBXGroup section */

/* Begin PBXNativeTarget section */
		A2DF667A1C4ABD7800249FF2 /* OpenScavenger */ = {
			isa = PBXNativeTarget;
			buildConfigurationList = A2DF66A61C4ABD7900249FF2 /* Build configuration list for PBXNativeTarget "OpenScavenger" */;
			buildPhases = (
				A2DF66771C4ABD7800249FF2 /* Sources */,
				A2DF66781C4ABD7800249FF2 /* Frameworks */,
				A2DF66791C4ABD7800249FF2 /* Resources */,
				A2DF66B91C4ABE3F00249FF2 /* Embed Frameworks */,
			);
			buildRules = (
			);
			dependencies = (
			);
			name = OpenScavenger;
			productName = OpenScavenger;
			productReference = A2DF667B1C4ABD7800249FF2 /* OpenScavenger.app */;
			productType = "com.apple.product-type.application";
		};
		A2DF66911C4ABD7900249FF2 /* OpenScavengerTests */ = {
			isa = PBXNativeTarget;
			buildConfigurationList = A2DF66A91C4ABD7900249FF2 /* Build configuration list for PBXNativeTarget "OpenScavengerTests" */;
			buildPhases = (
				A2DF668E1C4ABD7900249FF2 /* Sources */,
				A2DF668F1C4ABD7900249FF2 /* Frameworks */,
				A2DF66901C4ABD7900249FF2 /* Resources */,
			);
			buildRules = (
			);
			dependencies = (
				A2DF66941C4ABD7900249FF2 /* PBXTargetDependency */,
			);
			name = OpenScavengerTests;
			productName = OpenScavengerTests;
			productReference = A2DF66921C4ABD7900249FF2 /* OpenScavenger.xctest */;
			productType = "com.apple.product-type.bundle.unit-test";
		};
		A2DF669C1C4ABD7900249FF2 /* OpenScavengerUITests */ = {
			isa = PBXNativeTarget;
			buildConfigurationList = A2DF66AC1C4ABD7900249FF2 /* Build configuration list for PBXNativeTarget "OpenScavengerUITests" */;
			buildPhases = (
				A2DF66991C4ABD7900249FF2 /* Sources */,
				A2DF669A1C4ABD7900249FF2 /* Frameworks */,
				A2DF669B1C4ABD7900249FF2 /* Resources */,
			);
			buildRules = (
			);
			dependencies = (
				A2DF669F1C4ABD7900249FF2 /* PBXTargetDependency */,
			);
			name = OpenScavengerUITests;
			productName = OpenScavengerUITests;
			productReference = A2DF669D1C4ABD7900249FF2 /* OpenScavenger.xctest */;
			productType = "com.apple.product-type.bundle.ui-testing";
		};
/* End PBXNativeTarget section */

/* Begin PBXProject section */
		A2DF66731C4ABD7800249FF2 /* Project object */ = {
			isa = PBXProject;
			attributes = {
				LastSwiftUpdateCheck = 0720;
				LastUpgradeCheck = 0720;
				ORGANIZATIONNAME = "Mitchell Rysavy";
				TargetAttributes = {
					A2DF667A1C4ABD7800249FF2 = {
						CreatedOnToolsVersion = 7.2;
						DevelopmentTeam = T35PKPUU86;
						SystemCapabilities = {
							com.apple.Maps.iOS = {
								enabled = 1;
							};
						};
					};
					A2DF66911C4ABD7900249FF2 = {
						CreatedOnToolsVersion = 7.2;
						TestTargetID = A2DF667A1C4ABD7800249FF2;
					};
					A2DF669C1C4ABD7900249FF2 = {
						CreatedOnToolsVersion = 7.2;
						TestTargetID = A2DF667A1C4ABD7800249FF2;
					};
				};
			};
			buildConfigurationList = A2DF66761C4ABD7800249FF2 /* Build configuration list for PBXProject "OpenScavenger" */;
			compatibilityVersion = "Xcode 3.2";
			developmentRegion = English;
			hasScannedForEncodings = 0;
			knownRegions = (
				en,
				Base,
			);
			mainGroup = A2DF66721C4ABD7800249FF2;
			productRefGroup = A2DF667C1C4ABD7800249FF2 /* Products */;
			projectDirPath = "";
			projectRoot = "";
			targets = (
				A2DF667A1C4ABD7800249FF2 /* OpenScavenger */,
				A2DF66911C4ABD7900249FF2 /* OpenScavengerTests */,
				A2DF669C1C4ABD7900249FF2 /* OpenScavengerUITests */,
			);
		};
/* End PBXProject section */

/* Begin PBXResourcesBuildPhase section */
		A2DF66791C4ABD7800249FF2 /* Resources */ = {
			isa = PBXResourcesBuildPhase;
			buildActionMask = 2147483647;
			files = (
				A20327461C6BAFBE00BD037E /* Main.storyboard in Resources */,
				A20327441C6BAFBE00BD037E /* Assets.xcassets in Resources */,
				A20327451C6BAFBE00BD037E /* LaunchScreen.storyboard in Resources */,
			);
			runOnlyForDeploymentPostprocessing = 0;
		};
		A2DF66901C4ABD7900249FF2 /* Resources */ = {
			isa = PBXResourcesBuildPhase;
			buildActionMask = 2147483647;
			files = (
			);
			runOnlyForDeploymentPostprocessing = 0;
		};
		A2DF669B1C4ABD7900249FF2 /* Resources */ = {
			isa = PBXResourcesBuildPhase;
			buildActionMask = 2147483647;
			files = (
			);
			runOnlyForDeploymentPostprocessing = 0;
		};
/* End PBXResourcesBuildPhase section */

/* Begin PBXSourcesBuildPhase section */
		A2DF66771C4ABD7800249FF2 /* Sources */ = {
			isa = PBXSourcesBuildPhase;
			buildActionMask = 2147483647;
			files = (
				A203274B1C6BAFBE00BD037E /* ViewController.swift in Sources */,
				A203274A1C6BAFBE00BD037E /* Point.swift in Sources */,
				A20327481C6BAFBE00BD037E /* OpenScavenger.xcdatamodeld in Sources */,
				A20327491C6BAFBE00BD037E /* Point+CoreDataProperties.swift in Sources */,
				A20327431C6BAFBE00BD037E /* AppDelegate.swift in Sources */,
			);
			runOnlyForDeploymentPostprocessing = 0;
		};
		A2DF668E1C4ABD7900249FF2 /* Sources */ = {
			isa = PBXSourcesBuildPhase;
			buildActionMask = 2147483647;
			files = (
				A20401B61C764E670035E9AB /* OpenScavengerTests.swift in Sources */,
			);
			runOnlyForDeploymentPostprocessing = 0;
		};
		A2DF66991C4ABD7900249FF2 /* Sources */ = {
			isa = PBXSourcesBuildPhase;
			buildActionMask = 2147483647;
			files = (
				A20401B71C764E6F0035E9AB /* OpenScavengerUITests.swift in Sources */,
			);
			runOnlyForDeploymentPostprocessing = 0;
		};
/* End PBXSourcesBuildPhase section */

/* Begin PBXTargetDependency section */
		A2DF66941C4ABD7900249FF2 /* PBXTargetDependency */ = {
			isa = PBXTargetDependency;
			target = A2DF667A1C4ABD7800249FF2 /* OpenScavenger */;
			targetProxy = A2DF66931C4ABD7900249FF2 /* PBXContainerItemProxy */;
		};
		A2DF669F1C4ABD7900249FF2 /* PBXTargetDependency */ = {
			isa = PBXTargetDependency;
			target = A2DF667A1C4ABD7800249FF2 /* OpenScavenger */;
			targetProxy = A2DF669E1C4ABD7900249FF2 /* PBXContainerItemProxy */;
		};
/* End PBXTargetDependency section */

/* Begin PBXVariantGroup section */
		A20327331C6BAFBE00BD037E /* LaunchScreen.storyboard */ = {
			isa = PBXVariantGroup;
			children = (
				A20327341C6BAFBE00BD037E /* Base */,
			);
			name = LaunchScreen.storyboard;
			sourceTree = "<group>";
		};
		A20327351C6BAFBE00BD037E /* Main.storyboard */ = {
			isa = PBXVariantGroup;
			children = (
				A20327361C6BAFBE00BD037E /* Base */,
			);
			name = Main.storyboard;
			sourceTree = "<group>";
		};
/* End PBXVariantGroup section */

/* Begin XCBuildConfiguration section */
		A2DF66A41C4ABD7900249FF2 /* Debug */ = {
			isa = XCBuildConfiguration;
			buildSettings = {
				ALWAYS_SEARCH_USER_PATHS = NO;
				CLANG_CXX_LANGUAGE_STANDARD = "gnu++0x";
				CLANG_CXX_LIBRARY = "libc++";
				CLANG_ENABLE_MODULES = YES;
				CLANG_ENABLE_OBJC_ARC = YES;
				CLANG_WARN_BOOL_CONVERSION = YES;
				CLANG_WARN_CONSTANT_CONVERSION = YES;
				CLANG_WARN_DIRECT_OBJC_ISA_USAGE = YES_ERROR;
				CLANG_WARN_EMPTY_BODY = YES;
				CLANG_WARN_ENUM_CONVERSION = YES;
				CLANG_WARN_INT_CONVERSION = YES;
				CLANG_WARN_OBJC_ROOT_CLASS = YES_ERROR;
				CLANG_WARN_UNREACHABLE_CODE = YES;
				CLANG_WARN__DUPLICATE_METHOD_MATCH = YES;
				"CODE_SIGN_IDENTITY[sdk=iphoneos*]" = "iPhone Developer";
				COPY_PHASE_STRIP = NO;
				DEBUG_INFORMATION_FORMAT = dwarf;
				ENABLE_STRICT_OBJC_MSGSEND = YES;
				ENABLE_TESTABILITY = YES;
				GCC_C_LANGUAGE_STANDARD = gnu99;
				GCC_DYNAMIC_NO_PIC = NO;
				GCC_NO_COMMON_BLOCKS = YES;
				GCC_OPTIMIZATION_LEVEL = 0;
				GCC_PREPROCESSOR_DEFINITIONS = (
					"DEBUG=1",
					"$(inherited)",
				);
				GCC_WARN_64_TO_32_BIT_CONVERSION = YES;
				GCC_WARN_ABOUT_RETURN_TYPE = YES_ERROR;
				GCC_WARN_UNDECLARED_SELECTOR = YES;
				GCC_WARN_UNINITIALIZED_AUTOS = YES_AGGRESSIVE;
				GCC_WARN_UNUSED_FUNCTION = YES;
				GCC_WARN_UNUSED_VARIABLE = YES;
				IPHONEOS_DEPLOYMENT_TARGET = 9.2;
				MTL_ENABLE_DEBUG_INFO = YES;
				ONLY_ACTIVE_ARCH = YES;
				SDKROOT = iphoneos;
				SWIFT_OPTIMIZATION_LEVEL = "-Onone";
			};
			name = Debug;
		};
		A2DF66A51C4ABD7900249FF2 /* Release */ = {
			isa = XCBuildConfiguration;
			buildSettings = {
				ALWAYS_SEARCH_USER_PATHS = NO;
				CLANG_CXX_LANGUAGE_STANDARD = "gnu++0x";
				CLANG_CXX_LIBRARY = "libc++";
				CLANG_ENABLE_MODULES = YES;
				CLANG_ENABLE_OBJC_ARC = YES;
				CLANG_WARN_BOOL_CONVERSION = YES;
				CLANG_WARN_CONSTANT_CONVERSION = YES;
				CLANG_WARN_DIRECT_OBJC_ISA_USAGE = YES_ERROR;
				CLANG_WARN_EMPTY_BODY = YES;
				CLANG_WARN_ENUM_CONVERSION = YES;
				CLANG_WARN_INT_CONVERSION = YES;
				CLANG_WARN_OBJC_ROOT_CLASS = YES_ERROR;
				CLANG_WARN_UNREACHABLE_CODE = YES;
				CLANG_WARN__DUPLICATE_METHOD_MATCH = YES;
				"CODE_SIGN_IDENTITY[sdk=iphoneos*]" = "iPhone Developer";
				COPY_PHASE_STRIP = NO;
				DEBUG_INFORMATION_FORMAT = "dwarf-with-dsym";
				ENABLE_NS_ASSERTIONS = NO;
				ENABLE_STRICT_OBJC_MSGSEND = YES;
				GCC_C_LANGUAGE_STANDARD = gnu99;
				GCC_NO_COMMON_BLOCKS = YES;
				GCC_WARN_64_TO_32_BIT_CONVERSION = YES;
				GCC_WARN_ABOUT_RETURN_TYPE = YES_ERROR;
				GCC_WARN_UNDECLARED_SELECTOR = YES;
				GCC_WARN_UNINITIALIZED_AUTOS = YES_AGGRESSIVE;
				GCC_WARN_UNUSED_FUNCTION = YES;
				GCC_WARN_UNUSED_VARIABLE = YES;
				IPHONEOS_DEPLOYMENT_TARGET = 9.2;
				MTL_ENABLE_DEBUG_INFO = NO;
				SDKROOT = iphoneos;
				VALIDATE_PRODUCT = YES;
			};
			name = Release;
		};
		A2DF66A71C4ABD7900249FF2 /* Debug */ = {
			isa = XCBuildConfiguration;
			buildSettings = {
				ASSETCATALOG_COMPILER_APPICON_NAME = AppIcon;
				ASSETCATALOG_COMPILER_LAUNCHIMAGE_NAME = "Brand Assets";
				CODE_SIGN_IDENTITY = "iPhone Developer";
				FRAMEWORK_SEARCH_PATHS = (
					"$(inherited)",
					"$(PROJECT_DIR)/Carthage/Build/iOS",
				);
				INFOPLIST_FILE = OpenScavenger/Info.plist;
				IPHONEOS_DEPLOYMENT_TARGET = 9.0;
				LD_RUNPATH_SEARCH_PATHS = "$(inherited) @executable_path/Frameworks";
				PRODUCT_BUNDLE_IDENTIFIER = edu.umn.d.rysau001.OpenScavenger;
				PRODUCT_NAME = OpenScavenger;
			};
			name = Debug;
		};
		A2DF66A81C4ABD7900249FF2 /* Release */ = {
			isa = XCBuildConfiguration;
			buildSettings = {
				ASSETCATALOG_COMPILER_APPICON_NAME = AppIcon;
				ASSETCATALOG_COMPILER_LAUNCHIMAGE_NAME = "Brand Assets";
				CODE_SIGN_IDENTITY = "iPhone Developer";
				FRAMEWORK_SEARCH_PATHS = (
					"$(inherited)",
					"$(PROJECT_DIR)/Carthage/Build/iOS",
				);
				INFOPLIST_FILE = OpenScavenger/Info.plist;
				IPHONEOS_DEPLOYMENT_TARGET = 9.0;
				LD_RUNPATH_SEARCH_PATHS = "$(inherited) @executable_path/Frameworks";
				PRODUCT_BUNDLE_IDENTIFIER = edu.umn.d.rysau001.OpenScavenger;
				PRODUCT_NAME = OpenScavenger;
			};
			name = Release;
		};
		A2DF66AA1C4ABD7900249FF2 /* Debug */ = {
			isa = XCBuildConfiguration;
			buildSettings = {
				BUNDLE_LOADER = "$(TEST_HOST)";
				INFOPLIST_FILE = OpenScavengerTests/Info.plist;
				LD_RUNPATH_SEARCH_PATHS = "$(inherited) @executable_path/Frameworks @loader_path/Frameworks";
				PRODUCT_BUNDLE_IDENTIFIER = edu.umn.d.rysau001.OpenScavengerTests;
				PRODUCT_NAME = OpenScavenger;
				TEST_HOST = "$(BUILT_PRODUCTS_DIR)/OpenScavenger.app/OpenScavenger";
			};
			name = Debug;
		};
		A2DF66AB1C4ABD7900249FF2 /* Release */ = {
			isa = XCBuildConfiguration;
			buildSettings = {
				BUNDLE_LOADER = "$(TEST_HOST)";
				INFOPLIST_FILE = OpenScavengerTests/Info.plist;
				LD_RUNPATH_SEARCH_PATHS = "$(inherited) @executable_path/Frameworks @loader_path/Frameworks";
				PRODUCT_BUNDLE_IDENTIFIER = edu.umn.d.rysau001.OpenScavengerTests;
				PRODUCT_NAME = OpenScavenger;
				TEST_HOST = "$(BUILT_PRODUCTS_DIR)/OpenScavenger.app/OpenScavenger";
			};
			name = Release;
		};
		A2DF66AD1C4ABD7900249FF2 /* Debug */ = {
			isa = XCBuildConfiguration;
			buildSettings = {
				INFOPLIST_FILE = OpenScavengerUITests/Info.plist;
				LD_RUNPATH_SEARCH_PATHS = "$(inherited) @executable_path/Frameworks @loader_path/Frameworks";
				PRODUCT_BUNDLE_IDENTIFIER = edu.umn.d.rysau001.OpenScavengerUITests;
				PRODUCT_NAME = OpenScavenger;
				TEST_TARGET_NAME = OpenScavenger;
				USES_XCTRUNNER = YES;
			};
			name = Debug;
		};
		A2DF66AE1C4ABD7900249FF2 /* Release */ = {
			isa = XCBuildConfiguration;
			buildSettings = {
				INFOPLIST_FILE = OpenScavengerUITests/Info.plist;
				LD_RUNPATH_SEARCH_PATHS = "$(inherited) @executable_path/Frameworks @loader_path/Frameworks";
				PRODUCT_BUNDLE_IDENTIFIER = edu.umn.d.rysau001.OpenScavengerUITests;
				PRODUCT_NAME = OpenScavenger;
				TEST_TARGET_NAME = OpenScavenger;
				USES_XCTRUNNER = YES;
			};
			name = Release;
		};
/* End XCBuildConfiguration section */

/* Begin XCConfigurationList section */
		A2DF66761C4ABD7800249FF2 /* Build configuration list for PBXProject "OpenScavenger" */ = {
			isa = XCConfigurationList;
			buildConfigurations = (
				A2DF66A41C4ABD7900249FF2 /* Debug */,
				A2DF66A51C4ABD7900249FF2 /* Release */,
			);
			defaultConfigurationIsVisible = 0;
			defaultConfigurationName = Release;
		};
		A2DF66A61C4ABD7900249FF2 /* Build configuration list for PBXNativeTarget "OpenScavenger" */ = {
			isa = XCConfigurationList;
			buildConfigurations = (
				A2DF66A71C4ABD7900249FF2 /* Debug */,
				A2DF66A81C4ABD7900249FF2 /* Release */,
			);
			defaultConfigurationIsVisible = 0;
			defaultConfigurationName = Release;
		};
		A2DF66A91C4ABD7900249FF2 /* Build configuration list for PBXNativeTarget "OpenScavengerTests" */ = {
			isa = XCConfigurationList;
			buildConfigurations = (
				A2DF66AA1C4ABD7900249FF2 /* Debug */,
				A2DF66AB1C4ABD7900249FF2 /* Release */,
			);
			defaultConfigurationIsVisible = 0;
			defaultConfigurationName = Release;
		};
		A2DF66AC1C4ABD7900249FF2 /* Build configuration list for PBXNativeTarget "OpenScavengerUITests" */ = {
			isa = XCConfigurationList;
			buildConfigurations = (
				A2DF66AD1C4ABD7900249FF2 /* Debug */,
				A2DF66AE1C4ABD7900249FF2 /* Release */,
			);
			defaultConfigurationIsVisible = 0;
			defaultConfigurationName = Release;
		};
/* End XCConfigurationList section */

/* Begin XCVersionGroup section */
		A20327381C6BAFBE00BD037E /* OpenScavenger.xcdatamodeld */ = {
			isa = XCVersionGroup;
			children = (
				A20327391C6BAFBE00BD037E /* OpenScavenger.xcdatamodel */,
			);
			currentVersion = A20327391C6BAFBE00BD037E /* OpenScavenger.xcdatamodel */;
			path = OpenScavenger.xcdatamodeld;
			sourceTree = "<group>";
			versionGroupType = wrapper.xcdatamodel;
		};
/* End XCVersionGroup section */
	};
	rootObject = A2DF66731C4ABD7800249FF2 /* Project object */;
}
